{
    "_meta": {
        "hash": {
            "sha256": "fcca9cd59683440b7f5401afc4e677538a091496e1e5bc7c9463f1892c3e7052"
        },
        "pipfile-spec": 6,
        "requires": {
            "python_version": "3.6"
        },
        "sources": [
            {
                "name": "pypi",
                "url": "https://pypi.org/simple",
                "verify_ssl": true
            }
        ]
    },
    "default": {
        "beautifulsoup4": {
            "hashes": [
                "sha256:194ec62a25438adcb3fdb06378b26559eda1ea8a747367d34c33cef9c7f48d57",
                "sha256:90f8e61121d6ae58362ce3bed8cd997efb00c914eae0ff3d363c32f9a9822d10",
                "sha256:f0abd31228055d698bb392a826528ea08ebb9959e6bea17c606fd9c9009db938"
            ],
            "version": "==4.6.3"
        },
        "boto3": {
            "hashes": [
                "sha256:32def30451b24f3cedd1bd48bd25b3603be0455784a8da37f450711e88412364",
                "sha256:66e7e6afe6fbef6ef9544e922b7d55d63831c5dcbb58fb226c4c8fb9596665c2"
            ],
            "index": "pypi",
            "version": "==1.9.2"
        },
        "botocore": {
            "hashes": [
                "sha256:bfbc97f154ee205392e547e17840292b5753ae33570aaaee2012d7ff99cfc9de",
                "sha256:d66f2c2b6dfe16f6e66c01083027536f23365c42f537669b9e106effae30886c"
            ],
            "version": "==1.12.2"
        },
        "bs4": {
            "hashes": [
                "sha256:36ecea1fd7cc5c0c6e4a1ff075df26d50da647b75376626cc186e2212886dd3a"
            ],
            "index": "pypi",
            "version": "==0.0.1"
        },
        "certifi": {
            "hashes": [
                "sha256:376690d6f16d32f9d1fe8932551d80b23e9d393a8578c5633a2ed39a64861638",
                "sha256:456048c7e371c089d0a77a5212fb37a2c2dce1e24146e3b7e0261736aaeaa22a"
            ],
            "version": "==2018.8.24"
        },
        "chardet": {
            "hashes": [
                "sha256:84ab92ed1c4d4f16916e05906b6b75a6c0fb5db821cc65e70cbd64a3e2a5eaae",
                "sha256:fc323ffcaeaed0e0a02bf4d117757b98aed530d9ed4531e3e15460124c106691"
            ],
            "version": "==3.0.4"
        },
        "dateparser": {
            "hashes": [
                "sha256:940828183c937bcec530753211b70f673c0a9aab831e43273489b310538dff86",
                "sha256:b452ef8b36cd78ae86a50721794bc674aa3994e19b570f7ba92810f4e0a2ae03"
            ],
            "index": "pypi",
            "version": "==0.7.0"
        },
        "docutils": {
            "hashes": [
                "sha256:02aec4bd92ab067f6ff27a38a38a41173bf01bed8f89157768c1573f53e474a6",
                "sha256:51e64ef2ebfb29cae1faa133b3710143496eca21c530f3f71424d77687764274",
                "sha256:7a4bd47eaf6596e1295ecb11361139febe29b084a87bf005bf899f9a42edc3c6"
            ],
            "version": "==0.14"
        },
        "idna": {
            "hashes": [
                "sha256:156a6814fb5ac1fc6850fb002e0852d56c0c8d2531923a51032d1b70760e186e",
                "sha256:684a38a6f903c1d71d6d5fac066b58d7768af4de2b832e426ec79c30daa94a16"
            ],
            "version": "==2.7"
        },
        "jmespath": {
            "hashes": [
                "sha256:6a81d4c9aa62caf061cb517b4d9ad1dd300374cd4706997aff9cd6aedd61fc64",
                "sha256:f11b4461f425740a1d908e9a3f7365c3d2e569f6ca68a2ff8bc5bcd9676edd63"
            ],
            "version": "==0.9.3"
        },
        "python-dateutil": {
            "hashes": [
                "sha256:1adb80e7a782c12e52ef9a8182bebeb73f1d7e24e374397af06fb4956c8dc5c0",
                "sha256:e27001de32f627c22380a688bcc43ce83504a7bc5da472209b4c70f02829f0b8"
            ],
            "markers": "python_version >= '2.7'",
            "version": "==2.7.3"
        },
        "pytz": {
            "hashes": [
                "sha256:a061aa0a9e06881eb8b3b2b43f05b9439d6583c206d0a6c340ff72a7b6669053",
                "sha256:ffb9ef1de172603304d9d2819af6f5ece76f2e85ec10692a524dd876e72bf277"
            ],
            "version": "==2018.5"
        },
        "regex": {
            "hashes": [
                "sha256:22d7ef8c2df344328a8a3c61edade2ee714e5de9360911d22a9213931c769faa",
                "sha256:3a699780c6b712c67dc23207b129ccc6a7e1270233f7aadead3ea3f83c893702",
                "sha256:42f460d349baebd5faec02a0c920988fb0300b24baf898d9c139886565b66b6c",
                "sha256:43bf3d79940cbdf19adda838d8b26b28b47bec793cda46590b5b25703742f440",
                "sha256:47d6c7f0588ef33464e00023067c4e7cce68e0d6a686a73c7ee15abfdad503d4",
                "sha256:5b879f59f25ed9b91bc8693a9a994014b431f224f492519ad0255ce6b54b83e5",
                "sha256:8ba0093c412900f636b0f826c597a0c3ea0e395344bc99894ddefe88b76c9c7e",
                "sha256:a4789254a1a0bd7a637036cce0b7ed72d8cc864e93f2e9cfd10ac00ae27bb7b0",
                "sha256:b73cea07117dca888b0c3671770b501bef19aac9c45c8ffdb5bea2cca2377b0a",
                "sha256:d3eb59fa3e5b5438438ec97acd9dc86f077428e020b015b43987e35bea68ef4c",
                "sha256:d51d232b4e2f106deaf286001f563947fee255bc5bd209a696f027e15cf0a1e7",
                "sha256:d59b03131a8e35061b47a8f186324a95eaf30d5f6ee9cc0637e7b87d29c7c9b5",
                "sha256:dd705df1b47470388fc4630e4df3cbbe7677e2ab80092a1c660cae630a307b2d",
                "sha256:e87fffa437a4b00afb17af785da9b01618425d6cd984c677639deb937037d8f2",
                "sha256:ed40e0474ab5ab228a8d133759d451b31d3ccdebaff698646e54aff82c3de4f8"
            ],
            "version": "==2018.8.29"
        },
        "requests": {
            "hashes": [
                "sha256:63b52e3c866428a224f97cab011de738c36aec0185aa91cfacd418b5d58911d1",
                "sha256:ec22d826a36ed72a7358ff3fe56cbd4ba69dd7a6718ffd450ff0e9df7a47ce6a"
            ],
            "index": "pypi",
            "version": "==2.19.1"
        },
        "s3transfer": {
            "hashes": [
                "sha256:90dc18e028989c609146e241ea153250be451e05ecc0c2832565231dacdf59c1",
                "sha256:c7a9ec356982d5e9ab2d4b46391a7d6a950e2b04c472419f5fdec70cc0ada72f"
            ],
            "version": "==0.1.13"
        },
        "six": {
            "hashes": [
                "sha256:70e8a77beed4562e7f14fe23a786b54f6296e34344c23bc42f07b15018ff98e9",
                "sha256:832dc0e10feb1aa2c68dcc57dbb658f1c7e65b9b61af69048abc87a2db00a0eb"
            ],
            "version": "==1.11.0"
        },
        "tzlocal": {
            "hashes": [
                "sha256:4ebeb848845ac898da6519b9b31879cf13b6626f7184c496037b818e238f2c4e"
            ],
            "version": "==1.5.1"
        },
        "urllib3": {
            "hashes": [
                "sha256:a68ac5e15e76e7e5dd2b8f94007233e01effe3e50e8daddf69acfd81cb686baf",
                "sha256:b5725a0bd4ba422ab0e66e89e030c806576753ea3ee08554382c14e685d117b5"
            ],
            "markers": "python_version != '3.3.*' and python_version != '3.0.*' and python_version < '4' and python_version != '3.2.*' and python_version >= '2.6' and python_version != '3.1.*'",
            "version": "==1.23"
        }
    },
    "develop": {
        "autopep8": {
            "hashes": [
                "sha256:655e3ee8b4545be6cfed18985f581ee9ecc74a232550ee46e9797b6fbf4f336d"
            ],
            "index": "pypi",
            "version": "==1.4"
        },
        "pycodestyle": {
            "hashes": [
                "sha256:cbc619d09254895b0d12c2c691e237b2e91e9b2ecf5e84c26b35400f93dcfb83",
                "sha256:cbfca99bd594a10f674d0cd97a3d802a1fdef635d4361e1a2658de47ed261e3a"
            ],
            "version": "==2.4.0"
        }
    }
}
